// !$*UTF8*$!
{
	archiveVersion = 1;
	classes = {
	};
	objectVersion = 46;
	objects = {

/* Begin PBXBuildFile section */
		9423021E1C696A05007CF999 /* AppDelegate.swift in Sources */ = {isa = PBXBuildFile; fileRef = 9423021D1C696A05007CF999 /* AppDelegate.swift */; };
		942302201C696A05007CF999 /* ViewController.swift in Sources */ = {isa = PBXBuildFile; fileRef = 9423021F1C696A05007CF999 /* ViewController.swift */; };
		942302231C696A06007CF999 /* Main.storyboard in Resources */ = {isa = PBXBuildFile; fileRef = 942302211C696A06007CF999 /* Main.storyboard */; };
		942302251C696A06007CF999 /* Assets.xcassets in Resources */ = {isa = PBXBuildFile; fileRef = 942302241C696A06007CF999 /* Assets.xcassets */; };
		942302281C696A06007CF999 /* LaunchScreen.storyboard in Resources */ = {isa = PBXBuildFile; fileRef = 942302261C696A06007CF999 /* LaunchScreen.storyboard */; };
		942302331C696A06007CF999 /* WordListTests.swift in Sources */ = {isa = PBXBuildFile; fileRef = 942302321C696A06007CF999 /* WordListTests.swift */; };
		9423023E1C696A06007CF999 /* WordListUITests.swift in Sources */ = {isa = PBXBuildFile; fileRef = 9423023D1C696A06007CF999 /* WordListUITests.swift */; };
		942302531C696B17007CF999 /* Default-568h@2x.png in Resources */ = {isa = PBXBuildFile; fileRef = 9423024D1C696B17007CF999 /* Default-568h@2x.png */; };
		942302541C696B17007CF999 /* Default-667h@2x.png in Resources */ = {isa = PBXBuildFile; fileRef = 9423024E1C696B17007CF999 /* Default-667h@2x.png */; };
		942302551C696B17007CF999 /* Default-736h@3x.png in Resources */ = {isa = PBXBuildFile; fileRef = 9423024F1C696B17007CF999 /* Default-736h@3x.png */; };
		942302561C696B17007CF999 /* fin.png in Resources */ = {isa = PBXBuildFile; fileRef = 942302501C696B17007CF999 /* fin.png */; };
		942302571C696B17007CF999 /* title_logo.png in Resources */ = {isa = PBXBuildFile; fileRef = 942302511C696B17007CF999 /* title_logo.png */; };
		942302581C696B17007CF999 /* word_blank.png in Resources */ = {isa = PBXBuildFile; fileRef = 942302521C696B17007CF999 /* word_blank.png */; };
		947EC9AF1C6A1D32001BB2D7 /* QuestionViewController.swift in Sources */ = {isa = PBXBuildFile; fileRef = 947EC9AE1C6A1D32001BB2D7 /* QuestionViewController.swift */; };
		947EC9B11C6A1D54001BB2D7 /* FinishViewController.swift in Sources */ = {isa = PBXBuildFile; fileRef = 947EC9B01C6A1D54001BB2D7 /* FinishViewController.swift */; };
		947EC9B51C6A1DBD001BB2D7 /* ListTableViewController.swift in Sources */ = {isa = PBXBuildFile; fileRef = 947EC9B41C6A1DBD001BB2D7 /* ListTableViewController.swift */; };
		947EC9B71C6A1DF1001BB2D7 /* AddViewController.swift in Sources */ = {isa = PBXBuildFile; fileRef = 947EC9B61C6A1DF1001BB2D7 /* AddViewController.swift */; };
		947EC9BA1C6A2D43001BB2D7 /* ListTableViewCell.swift in Sources */ = {isa = PBXBuildFile; fileRef = 947EC9B81C6A2D43001BB2D7 /* ListTableViewCell.swift */; };
		947EC9BB1C6A2D43001BB2D7 /* ListTableViewCell.xib in Resources */ = {isa = PBXBuildFile; fileRef = 947EC9B91C6A2D43001BB2D7 /* ListTableViewCell.xib */; };
/* End PBXBuildFile section */

/* Begin PBXContainerItemProxy section */
		9423022F1C696A06007CF999 /* PBXContainerItemProxy */ = {
			isa = PBXContainerItemProxy;
			containerPortal = 942302121C696A05007CF999 /* Project object */;
			proxyType = 1;
			remoteGlobalIDString = 942302191C696A05007CF999;
			remoteInfo = WordList;
		};
		9423023A1C696A06007CF999 /* PBXContainerItemProxy */ = {
			isa = PBXContainerItemProxy;
			containerPortal = 942302121C696A05007CF999 /* Project object */;
			proxyType = 1;
			remoteGlobalIDString = 942302191C696A05007CF999;
			remoteInfo = WordList;
		};
/* End PBXContainerItemProxy section */

/* Begin PBXFileReference section */
		9423021A1C696A05007CF999 /* WordList.app */ = {isa = PBXFileReference; explicitFileType = wrapper.application; includeInIndex = 0; path = WordList.app; sourceTree = BUILT_PRODUCTS_DIR; };
		9423021D1C696A05007CF999 /* AppDelegate.swift */ = {isa = PBXFileReference; lastKnownFileType = sourcecode.swift; path = AppDelegate.swift; sourceTree = "<group>"; };
		9423021F1C696A05007CF999 /* ViewController.swift */ = {isa = PBXFileReference; lastKnownFileType = sourcecode.swift; path = ViewController.swift; sourceTree = "<group>"; };
		942302221C696A06007CF999 /* Base */ = {isa = PBXFileReference; lastKnownFileType = file.storyboard; name = Base; path = Base.lproj/Main.storyboard; sourceTree = "<group>"; };
		942302241C696A06007CF999 /* Assets.xcassets */ = {isa = PBXFileReference; lastKnownFileType = folder.assetcatalog; path = Assets.xcassets; sourceTree = "<group>"; };
		942302271C696A06007CF999 /* Base */ = {isa = PBXFileReference; lastKnownFileType = file.storyboard; name = Base; path = Base.lproj/LaunchScreen.storyboard; sourceTree = "<group>"; };
		942302291C696A06007CF999 /* Info.plist */ = {isa = PBXFileReference; lastKnownFileType = text.plist.xml; path = Info.plist; sourceTree = "<group>"; };
		9423022E1C696A06007CF999 /* WordListTests.xctest */ = {isa = PBXFileReference; explicitFileType = wrapper.cfbundle; includeInIndex = 0; path = WordListTests.xctest; sourceTree = BUILT_PRODUCTS_DIR; };
		942302321C696A06007CF999 /* WordListTests.swift */ = {isa = PBXFileReference; lastKnownFileType = sourcecode.swift; path = WordListTests.swift; sourceTree = "<group>"; };
		942302341C696A06007CF999 /* Info.plist */ = {isa = PBXFileReference; lastKnownFileType = text.plist.xml; path = Info.plist; sourceTree = "<group>"; };
		942302391C696A06007CF999 /* WordListUITests.xctest */ = {isa = PBXFileReference; explicitFileType = wrapper.cfbundle; includeInIndex = 0; path = WordListUITests.xctest; sourceTree = BUILT_PRODUCTS_DIR; };
		9423023D1C696A06007CF999 /* WordListUITests.swift */ = {isa = PBXFileReference; lastKnownFileType = sourcecode.swift; path = WordListUITests.swift; sourceTree = "<group>"; };
		9423023F1C696A06007CF999 /* Info.plist */ = {isa = PBXFileReference; lastKnownFileType = text.plist.xml; path = Info.plist; sourceTree = "<group>"; };
		9423024D1C696B17007CF999 /* Default-568h@2x.png */ = {isa = PBXFileReference; lastKnownFileType = image.png; path = "Default-568h@2x.png"; sourceTree = "<group>"; };
		9423024E1C696B17007CF999 /* Default-667h@2x.png */ = {isa = PBXFileReference; lastKnownFileType = image.png; path = "Default-667h@2x.png"; sourceTree = "<group>"; };
		9423024F1C696B17007CF999 /* Default-736h@3x.png */ = {isa = PBXFileReference; lastKnownFileType = image.png; path = "Default-736h@3x.png"; sourceTree = "<group>"; };
		942302501C696B17007CF999 /* fin.png */ = {isa = PBXFileReference; lastKnownFileType = image.png; path = fin.png; sourceTree = "<group>"; };
		942302511C696B17007CF999 /* title_logo.png */ = {isa = PBXFileReference; lastKnownFileType = image.png; path = title_logo.png; sourceTree = "<group>"; };
		942302521C696B17007CF999 /* word_blank.png */ = {isa = PBXFileReference; lastKnownFileType = image.png; path = word_blank.png; sourceTree = "<group>"; };
		947EC9AE1C6A1D32001BB2D7 /* QuestionViewController.swift */ = {isa = PBXFileReference; fileEncoding = 4; lastKnownFileType = sourcecode.swift; path = QuestionViewController.swift; sourceTree = "<group>"; };
		947EC9B01C6A1D54001BB2D7 /* FinishViewController.swift */ = {isa = PBXFileReference; fileEncoding = 4; lastKnownFileType = sourcecode.swift; path = FinishViewController.swift; sourceTree = "<group>"; };
		947EC9B41C6A1DBD001BB2D7 /* ListTableViewController.swift */ = {isa = PBXFileReference; fileEncoding = 4; lastKnownFileType = sourcecode.swift; path = ListTableViewController.swift; sourceTree = "<group>"; };
		947EC9B61C6A1DF1001BB2D7 /* AddViewController.swift */ = {isa = PBXFileReference; fileEncoding = 4; lastKnownFileType = sourcecode.swift; path = AddViewController.swift; sourceTree = "<group>"; };
		947EC9B81C6A2D43001BB2D7 /* ListTableViewCell.swift */ = {isa = PBXFileReference; fileEncoding = 4; lastKnownFileType = sourcecode.swift; path = ListTableViewCell.swift; sourceTree = "<group>"; };
		947EC9B91C6A2D43001BB2D7 /* ListTableViewCell.xib */ = {isa = PBXFileReference; fileEncoding = 4; lastKnownFileType = file.xib; path = ListTableViewCell.xib; sourceTree = "<group>"; };
/* End PBXFileReference section */

/* Begin PBXFrameworksBuildPhase section */
		942302171C696A05007CF999 /* Frameworks */ = {
			isa = PBXFrameworksBuildPhase;
			buildActionMask = 2147483647;
			files = (
			);
			runOnlyForDeploymentPostprocessing = 0;
		};
		9423022B1C696A06007CF999 /* Frameworks */ = {
			isa = PBXFrameworksBuildPhase;
			buildActionMask = 2147483647;
			files = (
			);
			runOnlyForDeploymentPostprocessing = 0;
		};
		942302361C696A06007CF999 /* Frameworks */ = {
			isa = PBXFrameworksBuildPhase;
			buildActionMask = 2147483647;
			files = (
			);
			runOnlyForDeploymentPostprocessing = 0;
		};
/* End PBXFrameworksBuildPhase section */

/* Begin PBXGroup section */
		942302111C696A05007CF999 = {
			isa = PBXGroup;
			children = (
				9423021C1C696A05007CF999 /* WordList */,
				942302311C696A06007CF999 /* WordListTests */,
				9423023C1C696A06007CF999 /* WordListUITests */,
				9423021B1C696A05007CF999 /* Products */,
			);
			sourceTree = "<group>";
		};
		9423021B1C696A05007CF999 /* Products */ = {
			isa = PBXGroup;
			children = (
				9423021A1C696A05007CF999 /* WordList.app */,
				9423022E1C696A06007CF999 /* WordListTests.xctest */,
				942302391C696A06007CF999 /* WordListUITests.xctest */,
			);
			name = Products;
			sourceTree = "<group>";
		};
		9423021C1C696A05007CF999 /* WordList */ = {
			isa = PBXGroup;
			children = (
				9423024B1C696B17007CF999 /* WordList素材 */,
				9423021D1C696A05007CF999 /* AppDelegate.swift */,
				9423021F1C696A05007CF999 /* ViewController.swift */,
				942302211C696A06007CF999 /* Main.storyboard */,
				942302241C696A06007CF999 /* Assets.xcassets */,
				942302261C696A06007CF999 /* LaunchScreen.storyboard */,
				942302291C696A06007CF999 /* Info.plist */,
				947EC9AE1C6A1D32001BB2D7 /* QuestionViewController.swift */,
				947EC9B01C6A1D54001BB2D7 /* FinishViewController.swift */,
				947EC9B41C6A1DBD001BB2D7 /* ListTableViewController.swift */,
				947EC9B61C6A1DF1001BB2D7 /* AddViewController.swift */,
				947EC9B81C6A2D43001BB2D7 /* ListTableViewCell.swift */,
				947EC9B91C6A2D43001BB2D7 /* ListTableViewCell.xib */,
			);
			path = WordList;
			sourceTree = "<group>";
		};
		942302311C696A06007CF999 /* WordListTests */ = {
			isa = PBXGroup;
			children = (
				942302321C696A06007CF999 /* WordListTests.swift */,
				942302341C696A06007CF999 /* Info.plist */,
			);
			path = WordListTests;
			sourceTree = "<group>";
		};
		9423023C1C696A06007CF999 /* WordListUITests */ = {
			isa = PBXGroup;
			children = (
				9423023D1C696A06007CF999 /* WordListUITests.swift */,
				9423023F1C696A06007CF999 /* Info.plist */,
			);
			path = WordListUITests;
			sourceTree = "<group>";
		};
		9423024B1C696B17007CF999 /* WordList素材 */ = {
			isa = PBXGroup;
			children = (
				9423024C1C696B17007CF999 /* Defaults */,
				942302501C696B17007CF999 /* fin.png */,
				942302511C696B17007CF999 /* title_logo.png */,
				942302521C696B17007CF999 /* word_blank.png */,
			);
			path = "WordList素材";
			sourceTree = "<group>";
		};
		9423024C1C696B17007CF999 /* Defaults */ = {
			isa = PBXGroup;
			children = (
				9423024D1C696B17007CF999 /* Default-568h@2x.png */,
				9423024E1C696B17007CF999 /* Default-667h@2x.png */,
				9423024F1C696B17007CF999 /* Default-736h@3x.png */,
			);
			path = Defaults;
			sourceTree = "<group>";
		};
/* End PBXGroup section */

/* Begin PBXNativeTarget section */
		942302191C696A05007CF999 /* WordList */ = {
			isa = PBXNativeTarget;
			buildConfigurationList = 942302421C696A06007CF999 /* Build configuration list for PBXNativeTarget "WordList" */;
			buildPhases = (
				942302161C696A05007CF999 /* Sources */,
				942302171C696A05007CF999 /* Frameworks */,
				942302181C696A05007CF999 /* Resources */,
			);
			buildRules = (
			);
			dependencies = (
			);
			name = WordList;
			productName = WordList;
			productReference = 9423021A1C696A05007CF999 /* WordList.app */;
			productType = "com.apple.product-type.application";
		};
		9423022D1C696A06007CF999 /* WordListTests */ = {
			isa = PBXNativeTarget;
			buildConfigurationList = 942302451C696A06007CF999 /* Build configuration list for PBXNativeTarget "WordListTests" */;
			buildPhases = (
				9423022A1C696A06007CF999 /* Sources */,
				9423022B1C696A06007CF999 /* Frameworks */,
				9423022C1C696A06007CF999 /* Resources */,
			);
			buildRules = (
			);
			dependencies = (
				942302301C696A06007CF999 /* PBXTargetDependency */,
			);
			name = WordListTests;
			productName = WordListTests;
			productReference = 9423022E1C696A06007CF999 /* WordListTests.xctest */;
			productType = "com.apple.product-type.bundle.unit-test";
		};
		942302381C696A06007CF999 /* WordListUITests */ = {
			isa = PBXNativeTarget;
			buildConfigurationList = 942302481C696A06007CF999 /* Build configuration list for PBXNativeTarget "WordListUITests" */;
			buildPhases = (
				942302351C696A06007CF999 /* Sources */,
				942302361C696A06007CF999 /* Frameworks */,
				942302371C696A06007CF999 /* Resources */,
			);
			buildRules = (
			);
			dependencies = (
				9423023B1C696A06007CF999 /* PBXTargetDependency */,
			);
			name = WordListUITests;
			productName = WordListUITests;
			productReference = 942302391C696A06007CF999 /* WordListUITests.xctest */;
			productType = "com.apple.product-type.bundle.ui-testing";
		};
/* End PBXNativeTarget section */

/* Begin PBXProject section */
		942302121C696A05007CF999 /* Project object */ = {
			isa = PBXProject;
			attributes = {
				LastSwiftUpdateCheck = 0720;
				LastUpgradeCheck = 0720;
				ORGANIZATIONNAME = Karuna;
				TargetAttributes = {
					942302191C696A05007CF999 = {
						CreatedOnToolsVersion = 7.2;
					};
					9423022D1C696A06007CF999 = {
						CreatedOnToolsVersion = 7.2;
						TestTargetID = 942302191C696A05007CF999;
					};
					942302381C696A06007CF999 = {
						CreatedOnToolsVersion = 7.2;
						TestTargetID = 942302191C696A05007CF999;
					};
				};
			};
			buildConfigurationList = 942302151C696A05007CF999 /* Build configuration list for PBXProject "WordList" */;
			compatibilityVersion = "Xcode 3.2";
			developmentRegion = English;
			hasScannedForEncodings = 0;
			knownRegions = (
				en,
				Base,
			);
			mainGroup = 942302111C696A05007CF999;
			productRefGroup = 9423021B1C696A05007CF999 /* Products */;
			projectDirPath = "";
			projectRoot = "";
			targets = (
				942302191C696A05007CF999 /* WordList */,
				9423022D1C696A06007CF999 /* WordListTests */,
				942302381C696A06007CF999 /* WordListUITests */,
			);
		};
/* End PBXProject section */

/* Begin PBXResourcesBuildPhase section */
		942302181C696A05007CF999 /* Resources */ = {
			isa = PBXResourcesBuildPhase;
			buildActionMask = 2147483647;
			files = (
				942302281C696A06007CF999 /* LaunchScreen.storyboard in Resources */,
				942302561C696B17007CF999 /* fin.png in Resources */,
				942302531C696B17007CF999 /* Default-568h@2x.png in Resources */,
				942302571C696B17007CF999 /* title_logo.png in Resources */,
				942302251C696A06007CF999 /* Assets.xcassets in Resources */,
				942302581C696B17007CF999 /* word_blank.png in Resources */,
				942302231C696A06007CF999 /* Main.storyboard in Resources */,
				942302541C696B17007CF999 /* Default-667h@2x.png in Resources */,
				942302551C696B17007CF999 /* Default-736h@3x.png in Resources */,
				947EC9BB1C6A2D43001BB2D7 /* ListTableViewCell.xib in Resources */,
			);
			runOnlyForDeploymentPostprocessing = 0;
		};
		9423022C1C696A06007CF999 /* Resources */ = {
			isa = PBXResourcesBuildPhase;
			buildActionMask = 2147483647;
			files = (
			);
			runOnlyForDeploymentPostprocessing = 0;
		};
		942302371C696A06007CF999 /* Resources */ = {
			isa = PBXResourcesBuildPhase;
			buildActionMask = 2147483647;
			files = (
			);
			runOnlyForDeploymentPostprocessing = 0;
		};
/* End PBXResourcesBuildPhase section */

/* Begin PBXSourcesBuildPhase section */
		942302161C696A05007CF999 /* Sources */ = {
			isa = PBXSourcesBuildPhase;
			buildActionMask = 2147483647;
			files = (
				947EC9BA1C6A2D43001BB2D7 /* ListTableViewCell.swift in Sources */,
				942302201C696A05007CF999 /* ViewController.swift in Sources */,
				947EC9B11C6A1D54001BB2D7 /* FinishViewController.swift in Sources */,
				947EC9B71C6A1DF1001BB2D7 /* AddViewController.swift in Sources */,
				9423021E1C696A05007CF999 /* AppDelegate.swift in Sources */,
				947EC9B51C6A1DBD001BB2D7 /* ListTableViewController.swift in Sources */,
				947EC9AF1C6A1D32001BB2D7 /* QuestionViewController.swift in Sources */,
			);
			runOnlyForDeploymentPostprocessing = 0;
		};
		9423022A1C696A06007CF999 /* Sources */ = {
			isa = PBXSourcesBuildPhase;
			buildActionMask = 2147483647;
			files = (
				942302331C696A06007CF999 /* WordListTests.swift in Sources */,
			);
			runOnlyForDeploymentPostprocessing = 0;
		};
		942302351C696A06007CF999 /* Sources */ = {
			isa = PBXSourcesBuildPhase;
			buildActionMask = 2147483647;
			files = (
				9423023E1C696A06007CF999 /* WordListUITests.swift in Sources */,
			);
			runOnlyForDeploymentPostprocessing = 0;
		};
/* End PBXSourcesBuildPhase section */

/* Begin PBXTargetDependency section */
		942302301C696A06007CF999 /* PBXTargetDependency */ = {
			isa = PBXTargetDependency;
			target = 942302191C696A05007CF999 /* WordList */;
			targetProxy = 9423022F1C696A06007CF999 /* PBXContainerItemProxy */;
		};
		9423023B1C696A06007CF999 /* PBXTargetDependency */ = {
			isa = PBXTargetDependency;
			target = 942302191C696A05007CF999 /* WordList */;
			targetProxy = 9423023A1C696A06007CF999 /* PBXContainerItemProxy */;
		};
/* End PBXTargetDependency section */

/* Begin PBXVariantGroup section */
		942302211C696A06007CF999 /* Main.storyboard */ = {
			isa = PBXVariantGroup;
			children = (
				942302221C696A06007CF999 /* Base */,
			);
			name = Main.storyboard;
			sourceTree = "<group>";
		};
		942302261C696A06007CF999 /* LaunchScreen.storyboard */ = {
			isa = PBXVariantGroup;
			children = (
				942302271C696A06007CF999 /* Base */,
			);
			name = LaunchScreen.storyboard;
			sourceTree = "<group>";
		};
/* End PBXVariantGroup section */

/* Begin XCBuildConfiguration section */
		942302401C696A06007CF999 /* Debug */ = {
			isa = XCBuildConfiguration;
			buildSettings = {
				ALWAYS_SEARCH_USER_PATHS = NO;
				CLANG_CXX_LANGUAGE_STANDARD = "gnu++0x";
				CLANG_CXX_LIBRARY = "libc++";
				CLANG_ENABLE_MODULES = YES;
				CLANG_ENABLE_OBJC_ARC = YES;
				CLANG_WARN_BOOL_CONVERSION = YES;
				CLANG_WARN_CONSTANT_CONVERSION = YES;
				CLANG_WARN_DIRECT_OBJC_ISA_USAGE = YES_ERROR;
				CLANG_WARN_EMPTY_BODY = YES;
				CLANG_WARN_ENUM_CONVERSION = YES;
				CLANG_WARN_INT_CONVERSION = YES;
				CLANG_WARN_OBJC_ROOT_CLASS = YES_ERROR;
				CLANG_WARN_UNREACHABLE_CODE = YES;
				CLANG_WARN__DUPLICATE_METHOD_MATCH = YES;
				"CODE_SIGN_IDENTITY[sdk=iphoneos*]" = "iPhone Developer";
				COPY_PHASE_STRIP = NO;
				DEBUG_INFORMATION_FORMAT = dwarf;
				ENABLE_STRICT_OBJC_MSGSEND = YES;
				ENABLE_TESTABILITY = YES;
				GCC_C_LANGUAGE_STANDARD = gnu99;
				GCC_DYNAMIC_NO_PIC = NO;
				GCC_NO_COMMON_BLOCKS = YES;
				GCC_OPTIMIZATION_LEVEL = 0;
				GCC_PREPROCESSOR_DEFINITIONS = (
					"DEBUG=1",
					"$(inherited)",
				);
				GCC_WARN_64_TO_32_BIT_CONVERSION = YES;
				GCC_WARN_ABOUT_RETURN_TYPE = YES_ERROR;
				GCC_WARN_UNDECLARED_SELECTOR = YES;
				GCC_WARN_UNINITIALIZED_AUTOS = YES_AGGRESSIVE;
				GCC_WARN_UNUSED_FUNCTION = YES;
				GCC_WARN_UNUSED_VARIABLE = YES;
				IPHONEOS_DEPLOYMENT_TARGET = 9.2;
				MTL_ENABLE_DEBUG_INFO = YES;
				ONLY_ACTIVE_ARCH = YES;
				SDKROOT = iphoneos;
				SWIFT_OPTIMIZATION_LEVEL = "-Onone";
			};
			name = Debug;
		};
		942302411C696A06007CF999 /* Release */ = {
			isa = XCBuildConfiguration;
			buildSettings = {
				ALWAYS_SEARCH_USER_PATHS = NO;
				CLANG_CXX_LANGUAGE_STANDARD = "gnu++0x";
				CLANG_CXX_LIBRARY = "libc++";
				CLANG_ENABLE_MODULES = YES;
				CLANG_ENABLE_OBJC_ARC = YES;
				CLANG_WARN_BOOL_CONVERSION = YES;
				CLANG_WARN_CONSTANT_CONVERSION = YES;
				CLANG_WARN_DIRECT_OBJC_ISA_USAGE = YES_ERROR;
				CLANG_WARN_EMPTY_BODY = YES;
				CLANG_WARN_ENUM_CONVERSION = YES;
				CLANG_WARN_INT_CONVERSION = YES;
				CLANG_WARN_OBJC_ROOT_CLASS = YES_ERROR;
				CLANG_WARN_UNREACHABLE_CODE = YES;
				CLANG_WARN__DUPLICATE_METHOD_MATCH = YES;
				"CODE_SIGN_IDENTITY[sdk=iphoneos*]" = "iPhone Developer";
				COPY_PHASE_STRIP = NO;
				DEBUG_INFORMATION_FORMAT = "dwarf-with-dsym";
				ENABLE_NS_ASSERTIONS = NO;
				ENABLE_STRICT_OBJC_MSGSEND = YES;
				GCC_C_LANGUAGE_STANDARD = gnu99;
				GCC_NO_COMMON_BLOCKS = YES;
				GCC_WARN_64_TO_32_BIT_CONVERSION = YES;
				GCC_WARN_ABOUT_RETURN_TYPE = YES_ERROR;
				GCC_WARN_UNDECLARED_SELECTOR = YES;
				GCC_WARN_UNINITIALIZED_AUTOS = YES_AGGRESSIVE;
				GCC_WARN_UNUSED_FUNCTION = YES;
				GCC_WARN_UNUSED_VARIABLE = YES;
				IPHONEOS_DEPLOYMENT_TARGET = 9.2;
				MTL_ENABLE_DEBUG_INFO = NO;
				SDKROOT = iphoneos;
				VALIDATE_PRODUCT = YES;
			};
			name = Release;
		};
		942302431C696A06007CF999 /* Debug */ = {
			isa = XCBuildConfiguration;
			buildSettings = {
				ASSETCATALOG_COMPILER_APPICON_NAME = AppIcon;
				INFOPLIST_FILE = WordList/Info.plist;
				LD_RUNPATH_SEARCH_PATHS = "$(inherited) @executable_path/Frameworks";
				PRODUCT_BUNDLE_IDENTIFIER = XYZ.WordList;
				PRODUCT_NAME = "$(TARGET_NAME)";
			};
			name = Debug;
		};
		942302441C696A06007CF999 /* Release */ = {
			isa = XCBuildConfiguration;
			buildSettings = {
				ASSETCATALOG_COMPILER_APPICON_NAME = AppIcon;
				INFOPLIST_FILE = WordList/Info.plist;
				LD_RUNPATH_SEARCH_PATHS = "$(inherited) @executable_path/Frameworks";
				PRODUCT_BUNDLE_IDENTIFIER = XYZ.WordList;
				PRODUCT_NAME = "$(TARGET_NAME)";
			};
			name = Release;
		};
		942302461C696A06007CF999 /* Debug */ = {
			isa = XCBuildConfiguration;
			buildSettings = {
				BUNDLE_LOADER = "$(TEST_HOST)";
				INFOPLIST_FILE = WordListTests/Info.plist;
				LD_RUNPATH_SEARCH_PATHS = "$(inherited) @executable_path/Frameworks @loader_path/Frameworks";
				PRODUCT_BUNDLE_IDENTIFIER = XYZ.WordListTests;
				PRODUCT_NAME = "$(TARGET_NAME)";
				TEST_HOST = "$(BUILT_PRODUCTS_DIR)/WordList.app/WordList";
			};
			name = Debug;
		};
		942302471C696A06007CF999 /* Release */ = {
			isa = XCBuildConfiguration;
			buildSettings = {
				BUNDLE_LOADER = "$(TEST_HOST)";
				INFOPLIST_FILE = WordListTests/Info.plist;
				LD_RUNPATH_SEARCH_PATHS = "$(inherited) @executable_path/Frameworks @loader_path/Frameworks";
				PRODUCT_BUNDLE_IDENTIFIER = XYZ.WordListTests;
				PRODUCT_NAME = "$(TARGET_NAME)";
				TEST_HOST = "$(BUILT_PRODUCTS_DIR)/WordList.app/WordList";
			};
			name = Release;
		};
		942302491C696A06007CF999 /* Debug */ = {
			isa = XCBuildConfiguration;
			buildSettings = {
				INFOPLIST_FILE = WordListUITests/Info.plist;
				LD_RUNPATH_SEARCH_PATHS = "$(inherited) @executable_path/Frameworks @loader_path/Frameworks";
				PRODUCT_BUNDLE_IDENTIFIER = XYZ.WordListUITests;
				PRODUCT_NAME = "$(TARGET_NAME)";
				TEST_TARGET_NAME = WordList;
				USES_XCTRUNNER = YES;
			};
			name = Debug;
		};
		9423024A1C696A06007CF999 /* Release */ = {
			isa = XCBuildConfiguration;
			buildSettings = {
				INFOPLIST_FILE = WordListUITests/Info.plist;
				LD_RUNPATH_SEARCH_PATHS = "$(inherited) @executable_path/Frameworks @loader_path/Frameworks";
				PRODUCT_BUNDLE_IDENTIFIER = XYZ.WordListUITests;
				PRODUCT_NAME = "$(TARGET_NAME)";
				TEST_TARGET_NAME = WordList;
				USES_XCTRUNNER = YES;
			};
			name = Release;
		};
/* End XCBuildConfiguration section */

/* Begin XCConfigurationList section */
		942302151C696A05007CF999 /* Build configuration list for PBXProject "WordList" */ = {
			isa = XCConfigurationList;
			buildConfigurations = (
				942302401C696A06007CF999 /* Debug */,
				942302411C696A06007CF999 /* Release */,
			);
			defaultConfigurationIsVisible = 0;
			defaultConfigurationName = Release;
		};
		942302421C696A06007CF999 /* Build configuration list for PBXNativeTarget "WordList" */ = {
			isa = XCConfigurationList;
			buildConfigurations = (
				942302431C696A06007CF999 /* Debug */,
				942302441C696A06007CF999 /* Release */,
			);
			defaultConfigurationIsVisible = 0;
			defaultConfigurationName = Release;
		};
		942302451C696A06007CF999 /* Build configuration list for PBXNativeTarget "WordListTests" */ = {
			isa = XCConfigurationList;
			buildConfigurations = (
				942302461C696A06007CF999 /* Debug */,
				942302471C696A06007CF999 /* Release */,
			);
			defaultConfigurationIsVisible = 0;
			defaultConfigurationName = Release;
		};
		942302481C696A06007CF999 /* Build configuration list for PBXNativeTarget "WordListUITests" */ = {
			isa = XCConfigurationList;
			buildConfigurations = (
				942302491C696A06007CF999 /* Debug */,
				9423024A1C696A06007CF999 /* Release */,
			);
			defaultConfigurationIsVisible = 0;
			defaultConfigurationName = Release;
		};
/* End XCConfigurationList section */
	};
	rootObject = 942302121C696A05007CF999 /* Project object */;
}
